
Microsoft Visual Studio Solution File, Format Version 12.00
# Visual Studio 15
VisualStudioVersion = 15.0.28307.779
MinimumVisualStudioVersion = 10.0.40219.1
Project("{FAE04EC0-301F-11D3-BF4B-00C04F79EFBC}") = "DAxZE", "DAxZE\DAxZE.csproj", "{58EDAE42-7668-4DE6-AB2F-105E26201D54}"
EndProject
Global
	GlobalSection(SolutionConfigurationPlatforms) = preSolution
		Debug|Any CPU = Debug|Any CPU
		Release|Any CPU = Release|Any CPU
	EndGlobalSection
	GlobalSection(ProjectConfigurationPlatforms) = postSolution
		{58EDAE42-7668-4DE6-AB2F-105E26201D54}.Debug|Any CPU.ActiveCfg = Debug|Any CPU
		{58EDAE42-7668-4DE6-AB2F-105E26201D54}.Debug|Any CPU.Build.0 = Debug|Any CPU
		{58EDAE42-7668-4DE6-AB2F-105E26201D54}.Release|Any CPU.ActiveCfg = Release|Any CPU
		{58EDAE42-7668-4DE6-AB2F-105E26201D54}.Release|Any CPU.Build.0 = Release|Any CPU
	EndGlobalSection
	GlobalSection(SolutionProperties) = preSolution
		HideSolutionNode = FALSE
	EndGlobalSection
	GlobalSection(ExtensibilityGlobals) = postSolution
		SolutionGuid = {67C55E79-CEC0-456F-AB95-148D0F557E42}
	EndGlobalSection
EndGlobal
